
Microsoft Visual Studio Solution File, Format Version 12.00
# Visual Studio 2013
VisualStudioVersion = 12.0.31101.0
MinimumVisualStudioVersion = 10.0.40219.1
Project("{2150E333-8FDC-42A3-9474-1A3956D46DE8}") = "Rss Feed", "Rss Feed", "{54BDD5A3-77E2-4E07-A9C2-73028DC9AF9F}"
EndProject
Project("{D954291E-2A0B-460D-934E-DC6B0785DB48}") = "Rss Feed.Shared", "Rss Feed\Rss Feed.Shared\Rss Feed.Shared.shproj", "{63593AB1-EDAA-4242-95D9-B6B6A53B9F0B}"
EndProject
Project("{FAE04EC0-301F-11D3-BF4B-00C04F79EFBC}") = "Rss Feed.Windows", "Rss Feed\Rss Feed.Windows\Rss Feed.Windows.csproj", "{3132189B-836B-464D-8C9A-5177A15EE946}"
EndProject
Project("{FAE04EC0-301F-11D3-BF4B-00C04F79EFBC}") = "Rss Feed.WindowsPhone", "Rss Feed\Rss Feed.WindowsPhone\Rss Feed.WindowsPhone.csproj", "{4EE4D48B-7A97-4BA1-801D-E57A4A620248}"
EndProject
Global
	GlobalSection(SharedMSBuildProjectFiles) = preSolution
		Rss Feed\Rss Feed.Shared\Rss Feed.Shared.projitems*{4ee4d48b-7a97-4ba1-801d-e57a4a620248}*SharedItemsImports = 4
		Rss Feed\Rss Feed.Shared\Rss Feed.Shared.projitems*{3132189b-836b-464d-8c9a-5177a15ee946}*SharedItemsImports = 4
		Rss Feed\Rss Feed.Shared\Rss Feed.Shared.projitems*{63593ab1-edaa-4242-95d9-b6b6a53b9f0b}*SharedItemsImports = 13
	EndGlobalSection
	GlobalSection(SolutionConfigurationPlatforms) = preSolution
		Debug|Any CPU = Debug|Any CPU
		Debug|ARM = Debug|ARM
		Debug|x64 = Debug|x64
		Debug|x86 = Debug|x86
		Release|Any CPU = Release|Any CPU
		Release|ARM = Release|ARM
		Release|x64 = Release|x64
		Release|x86 = Release|x86
	EndGlobalSection
	GlobalSection(ProjectConfigurationPlatforms) = postSolution
		{3132189B-836B-464D-8C9A-5177A15EE946}.Debug|Any CPU.ActiveCfg = Debug|Any CPU
		{3132189B-836B-464D-8C9A-5177A15EE946}.Debug|Any CPU.Build.0 = Debug|Any CPU
		{3132189B-836B-464D-8C9A-5177A15EE946}.Debug|Any CPU.Deploy.0 = Debug|Any CPU
		{3132189B-836B-464D-8C9A-5177A15EE946}.Debug|ARM.ActiveCfg = Debug|ARM
		{3132189B-836B-464D-8C9A-5177A15EE946}.Debug|ARM.Build.0 = Debug|ARM
		{3132189B-836B-464D-8C9A-5177A15EE946}.Debug|ARM.Deploy.0 = Debug|ARM
		{3132189B-836B-464D-8C9A-5177A15EE946}.Debug|x64.ActiveCfg = Debug|x64
		{3132189B-836B-464D-8C9A-5177A15EE946}.Debug|x64.Build.0 = Debug|x64
		{3132189B-836B-464D-8C9A-5177A15EE946}.Debug|x64.Deploy.0 = Debug|x64
		{3132189B-836B-464D-8C9A-5177A15EE946}.Debug|x86.ActiveCfg = Debug|x86
		{3132189B-836B-464D-8C9A-5177A15EE946}.Debug|x86.Build.0 = Debug|x86
		{3132189B-836B-464D-8C9A-5177A15EE946}.Debug|x86.Deploy.0 = Debug|x86
		{3132189B-836B-464D-8C9A-5177A15EE946}.Release|Any CPU.ActiveCfg = Release|Any CPU
		{3132189B-836B-464D-8C9A-5177A15EE946}.Release|Any CPU.Build.0 = Release|Any CPU
		{3132189B-836B-464D-8C9A-5177A15EE946}.Release|Any CPU.Deploy.0 = Release|Any CPU
		{3132189B-836B-464D-8C9A-5177A15EE946}.Release|ARM.ActiveCfg = Release|ARM
		{3132189B-836B-464D-8C9A-5177A15EE946}.Release|ARM.Build.0 = Release|ARM
		{3132189B-836B-464D-8C9A-5177A15EE946}.Release|ARM.Deploy.0 = Release|ARM
		{3132189B-836B-464D-8C9A-5177A15EE946}.Release|x64.ActiveCfg = Release|x64
		{3132189B-836B-464D-8C9A-5177A15EE946}.Release|x64.Build.0 = Release|x64
		{3132189B-836B-464D-8C9A-5177A15EE946}.Release|x64.Deploy.0 = Release|x64
		{3132189B-836B-464D-8C9A-5177A15EE946}.Release|x86.ActiveCfg = Release|x86
		{3132189B-836B-464D-8C9A-5177A15EE946}.Release|x86.Build.0 = Release|x86
		{3132189B-836B-464D-8C9A-5177A15EE946}.Release|x86.Deploy.0 = Release|x86
		{4EE4D48B-7A97-4BA1-801D-E57A4A620248}.Debug|Any CPU.ActiveCfg = Debug|Any CPU
		{4EE4D48B-7A97-4BA1-801D-E57A4A620248}.Debug|Any CPU.Build.0 = Debug|Any CPU
		{4EE4D48B-7A97-4BA1-801D-E57A4A620248}.Debug|Any CPU.Deploy.0 = Debug|Any CPU
		{4EE4D48B-7A97-4BA1-801D-E57A4A620248}.Debug|ARM.ActiveCfg = Debug|ARM
		{4EE4D48B-7A97-4BA1-801D-E57A4A620248}.Debug|ARM.Build.0 = Debug|ARM
		{4EE4D48B-7A97-4BA1-801D-E57A4A620248}.Debug|ARM.Deploy.0 = Debug|ARM
		{4EE4D48B-7A97-4BA1-801D-E57A4A620248}.Debug|x64.ActiveCfg = Debug|Any CPU
		{4EE4D48B-7A97-4BA1-801D-E57A4A620248}.Debug|x86.ActiveCfg = Debug|x86
		{4EE4D48B-7A97-4BA1-801D-E57A4A620248}.Debug|x86.Build.0 = Debug|x86
		{4EE4D48B-7A97-4BA1-801D-E57A4A620248}.Debug|x86.Deploy.0 = Debug|x86
		{4EE4D48B-7A97-4BA1-801D-E57A4A620248}.Release|Any CPU.ActiveCfg = Release|Any CPU
		{4EE4D48B-7A97-4BA1-801D-E57A4A620248}.Release|Any CPU.Build.0 = Release|Any CPU
		{4EE4D48B-7A97-4BA1-801D-E57A4A620248}.Release|Any CPU.Deploy.0 = Release|Any CPU
		{4EE4D48B-7A97-4BA1-801D-E57A4A620248}.Release|ARM.ActiveCfg = Release|ARM
		{4EE4D48B-7A97-4BA1-801D-E57A4A620248}.Release|ARM.Build.0 = Release|ARM
		{4EE4D48B-7A97-4BA1-801D-E57A4A620248}.Release|ARM.Deploy.0 = Release|ARM
		{4EE4D48B-7A97-4BA1-801D-E57A4A620248}.Release|x64.ActiveCfg = Release|Any CPU
		{4EE4D48B-7A97-4BA1-801D-E57A4A620248}.Release|x86.ActiveCfg = Release|x86
		{4EE4D48B-7A97-4BA1-801D-E57A4A620248}.Release|x86.Build.0 = Release|x86
		{4EE4D48B-7A97-4BA1-801D-E57A4A620248}.Release|x86.Deploy.0 = Release|x86
	EndGlobalSection
	GlobalSection(SolutionProperties) = preSolution
		HideSolutionNode = FALSE
	EndGlobalSection
	GlobalSection(NestedProjects) = preSolution
		{63593AB1-EDAA-4242-95D9-B6B6A53B9F0B} = {54BDD5A3-77E2-4E07-A9C2-73028DC9AF9F}
		{3132189B-836B-464D-8C9A-5177A15EE946} = {54BDD5A3-77E2-4E07-A9C2-73028DC9AF9F}
		{4EE4D48B-7A97-4BA1-801D-E57A4A620248} = {54BDD5A3-77E2-4E07-A9C2-73028DC9AF9F}
	EndGlobalSection
EndGlobal
